// !$*UTF8*$!
{
	archiveVersion = 1;
	classes = {
	};
	objectVersion = 51;
	objects = {

/* Begin PBXBuildFile section */
		15198FA94CF9124A7C74AD39 /* Pods_KaPetelkaUITests.framework in Frameworks */ = {isa = PBXBuildFile; fileRef = 48409E8B6857296615C39E7A /* Pods_KaPetelkaUITests.framework */; };
		495DBA130B09C01F34747DA0 /* Pods_KaPetelkaTests.framework in Frameworks */ = {isa = PBXBuildFile; fileRef = 9FDAFE6495BE13D1EE637F23 /* Pods_KaPetelkaTests.framework */; };
		A84B8C6424CAFC3B00C393D8 /* AppDelegate.swift in Sources */ = {isa = PBXBuildFile; fileRef = A84B8C6324CAFC3B00C393D8 /* AppDelegate.swift */; };
		A84B8C6624CAFC3B00C393D8 /* SceneDelegate.swift in Sources */ = {isa = PBXBuildFile; fileRef = A84B8C6524CAFC3B00C393D8 /* SceneDelegate.swift */; };
		A84B8C6824CAFC3B00C393D8 /* ViewController.swift in Sources */ = {isa = PBXBuildFile; fileRef = A84B8C6724CAFC3B00C393D8 /* ViewController.swift */; };
		A84B8C6B24CAFC3B00C393D8 /* Main.storyboard in Resources */ = {isa = PBXBuildFile; fileRef = A84B8C6924CAFC3B00C393D8 /* Main.storyboard */; };
		A84B8C6D24CAFC3E00C393D8 /* Assets.xcassets in Resources */ = {isa = PBXBuildFile; fileRef = A84B8C6C24CAFC3E00C393D8 /* Assets.xcassets */; };
		A84B8C7024CAFC3E00C393D8 /* LaunchScreen.storyboard in Resources */ = {isa = PBXBuildFile; fileRef = A84B8C6E24CAFC3E00C393D8 /* LaunchScreen.storyboard */; };
		A84B8C7B24CAFC3E00C393D8 /* KaPetelkaTests.swift in Sources */ = {isa = PBXBuildFile; fileRef = A84B8C7A24CAFC3E00C393D8 /* KaPetelkaTests.swift */; };
		A84B8C8624CAFC3E00C393D8 /* KaPetelkaUITests.swift in Sources */ = {isa = PBXBuildFile; fileRef = A84B8C8524CAFC3E00C393D8 /* KaPetelkaUITests.swift */; };
		A84B8D7824CB01A900C393D8 /* Constant.swift in Sources */ = {isa = PBXBuildFile; fileRef = A84B8D6B24CB01A900C393D8 /* Constant.swift */; };
		A84B8D7924CB01A900C393D8 /* Constant.swift in Sources */ = {isa = PBXBuildFile; fileRef = A84B8D6B24CB01A900C393D8 /* Constant.swift */; };
		A84B8D7A24CB01A900C393D8 /* Constant.swift in Sources */ = {isa = PBXBuildFile; fileRef = A84B8D6B24CB01A900C393D8 /* Constant.swift */; };
		A84B8D7B24CB01A900C393D8 /* Observer.swift in Sources */ = {isa = PBXBuildFile; fileRef = A84B8D6C24CB01A900C393D8 /* Observer.swift */; };
		A84B8D7C24CB01A900C393D8 /* Observer.swift in Sources */ = {isa = PBXBuildFile; fileRef = A84B8D6C24CB01A900C393D8 /* Observer.swift */; };
		A84B8D7D24CB01A900C393D8 /* Observer.swift in Sources */ = {isa = PBXBuildFile; fileRef = A84B8D6C24CB01A900C393D8 /* Observer.swift */; };
		A84B8D7E24CB01A900C393D8 /* UserAuth.swift in Sources */ = {isa = PBXBuildFile; fileRef = A84B8D6D24CB01A900C393D8 /* UserAuth.swift */; };
		A84B8D7F24CB01A900C393D8 /* UserAuth.swift in Sources */ = {isa = PBXBuildFile; fileRef = A84B8D6D24CB01A900C393D8 /* UserAuth.swift */; };
		A84B8D8024CB01A900C393D8 /* UserAuth.swift in Sources */ = {isa = PBXBuildFile; fileRef = A84B8D6D24CB01A900C393D8 /* UserAuth.swift */; };
		A84B8D8124CB01A900C393D8 /* BaseViewController.swift in Sources */ = {isa = PBXBuildFile; fileRef = A84B8D6E24CB01A900C393D8 /* BaseViewController.swift */; };
		A84B8D8224CB01A900C393D8 /* BaseViewController.swift in Sources */ = {isa = PBXBuildFile; fileRef = A84B8D6E24CB01A900C393D8 /* BaseViewController.swift */; };
		A84B8D8324CB01A900C393D8 /* BaseViewController.swift in Sources */ = {isa = PBXBuildFile; fileRef = A84B8D6E24CB01A900C393D8 /* BaseViewController.swift */; };
		A84B8D8424CB01A900C393D8 /* CurrentUser.swift in Sources */ = {isa = PBXBuildFile; fileRef = A84B8D6F24CB01A900C393D8 /* CurrentUser.swift */; };
		A84B8D8524CB01A900C393D8 /* CurrentUser.swift in Sources */ = {isa = PBXBuildFile; fileRef = A84B8D6F24CB01A900C393D8 /* CurrentUser.swift */; };
		A84B8D8624CB01A900C393D8 /* CurrentUser.swift in Sources */ = {isa = PBXBuildFile; fileRef = A84B8D6F24CB01A900C393D8 /* CurrentUser.swift */; };
		A84B8D8A24CB01A900C393D8 /* ViewModel.swift in Sources */ = {isa = PBXBuildFile; fileRef = A84B8D7124CB01A900C393D8 /* ViewModel.swift */; };
		A84B8D8B24CB01A900C393D8 /* ViewModel.swift in Sources */ = {isa = PBXBuildFile; fileRef = A84B8D7124CB01A900C393D8 /* ViewModel.swift */; };
		A84B8D8C24CB01A900C393D8 /* ViewModel.swift in Sources */ = {isa = PBXBuildFile; fileRef = A84B8D7124CB01A900C393D8 /* ViewModel.swift */; };
		A84B8D8D24CB01A900C393D8 /* LoadingSpinner.swift in Sources */ = {isa = PBXBuildFile; fileRef = A84B8D7224CB01A900C393D8 /* LoadingSpinner.swift */; };
		A84B8D8E24CB01A900C393D8 /* LoadingSpinner.swift in Sources */ = {isa = PBXBuildFile; fileRef = A84B8D7224CB01A900C393D8 /* LoadingSpinner.swift */; };
		A84B8D8F24CB01A900C393D8 /* LoadingSpinner.swift in Sources */ = {isa = PBXBuildFile; fileRef = A84B8D7224CB01A900C393D8 /* LoadingSpinner.swift */; };
		A84B8D9024CB01A900C393D8 /* CompositionRoot.swift in Sources */ = {isa = PBXBuildFile; fileRef = A84B8D7324CB01A900C393D8 /* CompositionRoot.swift */; };
		A84B8D9124CB01A900C393D8 /* CompositionRoot.swift in Sources */ = {isa = PBXBuildFile; fileRef = A84B8D7324CB01A900C393D8 /* CompositionRoot.swift */; };
		A84B8D9224CB01A900C393D8 /* CompositionRoot.swift in Sources */ = {isa = PBXBuildFile; fileRef = A84B8D7324CB01A900C393D8 /* CompositionRoot.swift */; };
		A84B8D9324CB01A900C393D8 /* KeyChain.swift in Sources */ = {isa = PBXBuildFile; fileRef = A84B8D7424CB01A900C393D8 /* KeyChain.swift */; };
		A84B8D9424CB01A900C393D8 /* KeyChain.swift in Sources */ = {isa = PBXBuildFile; fileRef = A84B8D7424CB01A900C393D8 /* KeyChain.swift */; };
		A84B8D9524CB01A900C393D8 /* KeyChain.swift in Sources */ = {isa = PBXBuildFile; fileRef = A84B8D7424CB01A900C393D8 /* KeyChain.swift */; };
		A84B8D9624CB01A900C393D8 /* BaseAlert.swift in Sources */ = {isa = PBXBuildFile; fileRef = A84B8D7524CB01A900C393D8 /* BaseAlert.swift */; };
		A84B8D9724CB01A900C393D8 /* BaseAlert.swift in Sources */ = {isa = PBXBuildFile; fileRef = A84B8D7524CB01A900C393D8 /* BaseAlert.swift */; };
		A84B8D9824CB01A900C393D8 /* BaseAlert.swift in Sources */ = {isa = PBXBuildFile; fileRef = A84B8D7524CB01A900C393D8 /* BaseAlert.swift */; };
		A84B8D9924CB01A900C393D8 /* KeyConstant.swift in Sources */ = {isa = PBXBuildFile; fileRef = A84B8D7624CB01A900C393D8 /* KeyConstant.swift */; };
		A84B8D9A24CB01A900C393D8 /* KeyConstant.swift in Sources */ = {isa = PBXBuildFile; fileRef = A84B8D7624CB01A900C393D8 /* KeyConstant.swift */; };
		A84B8D9B24CB01A900C393D8 /* KeyConstant.swift in Sources */ = {isa = PBXBuildFile; fileRef = A84B8D7624CB01A900C393D8 /* KeyConstant.swift */; };
		A84B8D9C24CB01A900C393D8 /* Coordinator.swift in Sources */ = {isa = PBXBuildFile; fileRef = A84B8D7724CB01A900C393D8 /* Coordinator.swift */; };
		A84B8D9D24CB01A900C393D8 /* Coordinator.swift in Sources */ = {isa = PBXBuildFile; fileRef = A84B8D7724CB01A900C393D8 /* Coordinator.swift */; };
		A84B8D9E24CB01A900C393D8 /* Coordinator.swift in Sources */ = {isa = PBXBuildFile; fileRef = A84B8D7724CB01A900C393D8 /* Coordinator.swift */; };
		BBA8F2EB504D563BC7C05742 /* Pods_KaPetelka.framework in Frameworks */ = {isa = PBXBuildFile; fileRef = C68EB73BF4556AD707889BF5 /* Pods_KaPetelka.framework */; };
/* End PBXBuildFile section */

/* Begin PBXContainerItemProxy section */
		A84B8C7724CAFC3E00C393D8 /* PBXContainerItemProxy */ = {
			isa = PBXContainerItemProxy;
			containerPortal = A84B8C5824CAFC3B00C393D8 /* Project object */;
			proxyType = 1;
			remoteGlobalIDString = A84B8C5F24CAFC3B00C393D8;
			remoteInfo = KaPetelka;
		};
		A84B8C8224CAFC3E00C393D8 /* PBXContainerItemProxy */ = {
			isa = PBXContainerItemProxy;
			containerPortal = A84B8C5824CAFC3B00C393D8 /* Project object */;
			proxyType = 1;
			remoteGlobalIDString = A84B8C5F24CAFC3B00C393D8;
			remoteInfo = KaPetelka;
		};
/* End PBXContainerItemProxy section */

/* Begin PBXFileReference section */
		19921C93E270780FC29E28BF /* Pods-KaPetelkaTests.debug.xcconfig */ = {isa = PBXFileReference; includeInIndex = 1; lastKnownFileType = text.xcconfig; name = "Pods-KaPetelkaTests.debug.xcconfig"; path = "Target Support Files/Pods-KaPetelkaTests/Pods-KaPetelkaTests.debug.xcconfig"; sourceTree = "<group>"; };
		29DCA65410E8D8C816D15449 /* Pods-KaPetelkaUITests.release.xcconfig */ = {isa = PBXFileReference; includeInIndex = 1; lastKnownFileType = text.xcconfig; name = "Pods-KaPetelkaUITests.release.xcconfig"; path = "Target Support Files/Pods-KaPetelkaUITests/Pods-KaPetelkaUITests.release.xcconfig"; sourceTree = "<group>"; };
		48409E8B6857296615C39E7A /* Pods_KaPetelkaUITests.framework */ = {isa = PBXFileReference; explicitFileType = wrapper.framework; includeInIndex = 0; path = Pods_KaPetelkaUITests.framework; sourceTree = BUILT_PRODUCTS_DIR; };
		6D9E08A838653E001D938285 /* Pods-KaPetelka.debug.xcconfig */ = {isa = PBXFileReference; includeInIndex = 1; lastKnownFileType = text.xcconfig; name = "Pods-KaPetelka.debug.xcconfig"; path = "Target Support Files/Pods-KaPetelka/Pods-KaPetelka.debug.xcconfig"; sourceTree = "<group>"; };
		93279F89C92B6A64BECF4E2D /* Pods-KaPetelkaTests.release.xcconfig */ = {isa = PBXFileReference; includeInIndex = 1; lastKnownFileType = text.xcconfig; name = "Pods-KaPetelkaTests.release.xcconfig"; path = "Target Support Files/Pods-KaPetelkaTests/Pods-KaPetelkaTests.release.xcconfig"; sourceTree = "<group>"; };
		9FDAFE6495BE13D1EE637F23 /* Pods_KaPetelkaTests.framework */ = {isa = PBXFileReference; explicitFileType = wrapper.framework; includeInIndex = 0; path = Pods_KaPetelkaTests.framework; sourceTree = BUILT_PRODUCTS_DIR; };
		A84B8C6024CAFC3B00C393D8 /* KaPetelka.app */ = {isa = PBXFileReference; explicitFileType = wrapper.application; includeInIndex = 0; path = KaPetelka.app; sourceTree = BUILT_PRODUCTS_DIR; };
		A84B8C6324CAFC3B00C393D8 /* AppDelegate.swift */ = {isa = PBXFileReference; lastKnownFileType = sourcecode.swift; path = AppDelegate.swift; sourceTree = "<group>"; };
		A84B8C6524CAFC3B00C393D8 /* SceneDelegate.swift */ = {isa = PBXFileReference; lastKnownFileType = sourcecode.swift; path = SceneDelegate.swift; sourceTree = "<group>"; };
		A84B8C6724CAFC3B00C393D8 /* ViewController.swift */ = {isa = PBXFileReference; lastKnownFileType = sourcecode.swift; path = ViewController.swift; sourceTree = "<group>"; };
		A84B8C6A24CAFC3B00C393D8 /* Base */ = {isa = PBXFileReference; lastKnownFileType = file.storyboard; name = Base; path = Base.lproj/Main.storyboard; sourceTree = "<group>"; };
		A84B8C6C24CAFC3E00C393D8 /* Assets.xcassets */ = {isa = PBXFileReference; lastKnownFileType = folder.assetcatalog; path = Assets.xcassets; sourceTree = "<group>"; };
		A84B8C6F24CAFC3E00C393D8 /* Base */ = {isa = PBXFileReference; lastKnownFileType = file.storyboard; name = Base; path = Base.lproj/LaunchScreen.storyboard; sourceTree = "<group>"; };
		A84B8C7124CAFC3E00C393D8 /* Info.plist */ = {isa = PBXFileReference; lastKnownFileType = text.plist.xml; path = Info.plist; sourceTree = "<group>"; };
		A84B8C7624CAFC3E00C393D8 /* KaPetelkaTests.xctest */ = {isa = PBXFileReference; explicitFileType = wrapper.cfbundle; includeInIndex = 0; path = KaPetelkaTests.xctest; sourceTree = BUILT_PRODUCTS_DIR; };
		A84B8C7A24CAFC3E00C393D8 /* KaPetelkaTests.swift */ = {isa = PBXFileReference; lastKnownFileType = sourcecode.swift; path = KaPetelkaTests.swift; sourceTree = "<group>"; };
		A84B8C7C24CAFC3E00C393D8 /* Info.plist */ = {isa = PBXFileReference; lastKnownFileType = text.plist.xml; path = Info.plist; sourceTree = "<group>"; };
		A84B8C8124CAFC3E00C393D8 /* KaPetelkaUITests.xctest */ = {isa = PBXFileReference; explicitFileType = wrapper.cfbundle; includeInIndex = 0; path = KaPetelkaUITests.xctest; sourceTree = BUILT_PRODUCTS_DIR; };
		A84B8C8524CAFC3E00C393D8 /* KaPetelkaUITests.swift */ = {isa = PBXFileReference; lastKnownFileType = sourcecode.swift; path = KaPetelkaUITests.swift; sourceTree = "<group>"; };
		A84B8C8724CAFC3E00C393D8 /* Info.plist */ = {isa = PBXFileReference; lastKnownFileType = text.plist.xml; path = Info.plist; sourceTree = "<group>"; };
		A84B8D6B24CB01A900C393D8 /* Constant.swift */ = {isa = PBXFileReference; fileEncoding = 4; lastKnownFileType = sourcecode.swift; path = Constant.swift; sourceTree = "<group>"; };
		A84B8D6C24CB01A900C393D8 /* Observer.swift */ = {isa = PBXFileReference; fileEncoding = 4; lastKnownFileType = sourcecode.swift; path = Observer.swift; sourceTree = "<group>"; };
		A84B8D6D24CB01A900C393D8 /* UserAuth.swift */ = {isa = PBXFileReference; fileEncoding = 4; lastKnownFileType = sourcecode.swift; path = UserAuth.swift; sourceTree = "<group>"; };
		A84B8D6E24CB01A900C393D8 /* BaseViewController.swift */ = {isa = PBXFileReference; fileEncoding = 4; lastKnownFileType = sourcecode.swift; path = BaseViewController.swift; sourceTree = "<group>"; };
		A84B8D6F24CB01A900C393D8 /* CurrentUser.swift */ = {isa = PBXFileReference; fileEncoding = 4; lastKnownFileType = sourcecode.swift; path = CurrentUser.swift; sourceTree = "<group>"; };
		A84B8D7124CB01A900C393D8 /* ViewModel.swift */ = {isa = PBXFileReference; fileEncoding = 4; lastKnownFileType = sourcecode.swift; path = ViewModel.swift; sourceTree = "<group>"; };
		A84B8D7224CB01A900C393D8 /* LoadingSpinner.swift */ = {isa = PBXFileReference; fileEncoding = 4; lastKnownFileType = sourcecode.swift; path = LoadingSpinner.swift; sourceTree = "<group>"; };
		A84B8D7324CB01A900C393D8 /* CompositionRoot.swift */ = {isa = PBXFileReference; fileEncoding = 4; lastKnownFileType = sourcecode.swift; path = CompositionRoot.swift; sourceTree = "<group>"; };
		A84B8D7424CB01A900C393D8 /* KeyChain.swift */ = {isa = PBXFileReference; fileEncoding = 4; lastKnownFileType = sourcecode.swift; path = KeyChain.swift; sourceTree = "<group>"; };
		A84B8D7524CB01A900C393D8 /* BaseAlert.swift */ = {isa = PBXFileReference; fileEncoding = 4; lastKnownFileType = sourcecode.swift; path = BaseAlert.swift; sourceTree = "<group>"; };
		A84B8D7624CB01A900C393D8 /* KeyConstant.swift */ = {isa = PBXFileReference; fileEncoding = 4; lastKnownFileType = sourcecode.swift; path = KeyConstant.swift; sourceTree = "<group>"; };
		A84B8D7724CB01A900C393D8 /* Coordinator.swift */ = {isa = PBXFileReference; fileEncoding = 4; lastKnownFileType = sourcecode.swift; path = Coordinator.swift; sourceTree = "<group>"; };
		C68EB73BF4556AD707889BF5 /* Pods_KaPetelka.framework */ = {isa = PBXFileReference; explicitFileType = wrapper.framework; includeInIndex = 0; path = Pods_KaPetelka.framework; sourceTree = BUILT_PRODUCTS_DIR; };
		D9E843D1AF486FACDB5E2956 /* Pods-KaPetelkaUITests.debug.xcconfig */ = {isa = PBXFileReference; includeInIndex = 1; lastKnownFileType = text.xcconfig; name = "Pods-KaPetelkaUITests.debug.xcconfig"; path = "Target Support Files/Pods-KaPetelkaUITests/Pods-KaPetelkaUITests.debug.xcconfig"; sourceTree = "<group>"; };
		F7EABF71262F8D12C2106F77 /* Pods-KaPetelka.release.xcconfig */ = {isa = PBXFileReference; includeInIndex = 1; lastKnownFileType = text.xcconfig; name = "Pods-KaPetelka.release.xcconfig"; path = "Target Support Files/Pods-KaPetelka/Pods-KaPetelka.release.xcconfig"; sourceTree = "<group>"; };
/* End PBXFileReference section */

/* Begin PBXFrameworksBuildPhase section */
		A84B8C5D24CAFC3B00C393D8 /* Frameworks */ = {
			isa = PBXFrameworksBuildPhase;
			buildActionMask = 2147483647;
			files = (
				BBA8F2EB504D563BC7C05742 /* Pods_KaPetelka.framework in Frameworks */,
			);
			runOnlyForDeploymentPostprocessing = 0;
		};
		A84B8C7324CAFC3E00C393D8 /* Frameworks */ = {
			isa = PBXFrameworksBuildPhase;
			buildActionMask = 2147483647;
			files = (
				495DBA130B09C01F34747DA0 /* Pods_KaPetelkaTests.framework in Frameworks */,
			);
			runOnlyForDeploymentPostprocessing = 0;
		};
		A84B8C7E24CAFC3E00C393D8 /* Frameworks */ = {
			isa = PBXFrameworksBuildPhase;
			buildActionMask = 2147483647;
			files = (
				15198FA94CF9124A7C74AD39 /* Pods_KaPetelkaUITests.framework in Frameworks */,
			);
			runOnlyForDeploymentPostprocessing = 0;
		};
/* End PBXFrameworksBuildPhase section */

/* Begin PBXGroup section */
		0D438A418234EA7D97242E57 /* Frameworks */ = {
			isa = PBXGroup;
			children = (
				C68EB73BF4556AD707889BF5 /* Pods_KaPetelka.framework */,
				9FDAFE6495BE13D1EE637F23 /* Pods_KaPetelkaTests.framework */,
				48409E8B6857296615C39E7A /* Pods_KaPetelkaUITests.framework */,
			);
			name = Frameworks;
			sourceTree = "<group>";
		};
		882B508397C383F5E128EAB3 /* Pods */ = {
			isa = PBXGroup;
			children = (
				6D9E08A838653E001D938285 /* Pods-KaPetelka.debug.xcconfig */,
				F7EABF71262F8D12C2106F77 /* Pods-KaPetelka.release.xcconfig */,
				19921C93E270780FC29E28BF /* Pods-KaPetelkaTests.debug.xcconfig */,
				93279F89C92B6A64BECF4E2D /* Pods-KaPetelkaTests.release.xcconfig */,
				D9E843D1AF486FACDB5E2956 /* Pods-KaPetelkaUITests.debug.xcconfig */,
				29DCA65410E8D8C816D15449 /* Pods-KaPetelkaUITests.release.xcconfig */,
			);
			path = Pods;
			sourceTree = "<group>";
		};
		A84B8C5724CAFC3B00C393D8 = {
			isa = PBXGroup;
			children = (
				A84B8C6224CAFC3B00C393D8 /* KaPetelka */,
				A84B8C7924CAFC3E00C393D8 /* KaPetelkaTests */,
				A84B8C8424CAFC3E00C393D8 /* KaPetelkaUITests */,
				A84B8C6124CAFC3B00C393D8 /* Products */,
				882B508397C383F5E128EAB3 /* Pods */,
				0D438A418234EA7D97242E57 /* Frameworks */,
			);
			sourceTree = "<group>";
		};
		A84B8C6124CAFC3B00C393D8 /* Products */ = {
			isa = PBXGroup;
			children = (
				A84B8C6024CAFC3B00C393D8 /* KaPetelka.app */,
				A84B8C7624CAFC3E00C393D8 /* KaPetelkaTests.xctest */,
				A84B8C8124CAFC3E00C393D8 /* KaPetelkaUITests.xctest */,
			);
			name = Products;
			sourceTree = "<group>";
		};
		A84B8C6224CAFC3B00C393D8 /* KaPetelka */ = {
			isa = PBXGroup;
			children = (
				A84B8C6324CAFC3B00C393D8 /* AppDelegate.swift */,
				A84B8C6524CAFC3B00C393D8 /* SceneDelegate.swift */,
				A84B8D6A24CB01A900C393D8 /* Infrastructure */,
				A84B8C6724CAFC3B00C393D8 /* ViewController.swift */,
				A84B8C6924CAFC3B00C393D8 /* Main.storyboard */,
				A84B8C6C24CAFC3E00C393D8 /* Assets.xcassets */,
				A84B8C6E24CAFC3E00C393D8 /* LaunchScreen.storyboard */,
				A84B8C7124CAFC3E00C393D8 /* Info.plist */,
			);
			path = KaPetelka;
			sourceTree = "<group>";
		};
		A84B8C7924CAFC3E00C393D8 /* KaPetelkaTests */ = {
			isa = PBXGroup;
			children = (
				A84B8C7A24CAFC3E00C393D8 /* KaPetelkaTests.swift */,
				A84B8C7C24CAFC3E00C393D8 /* Info.plist */,
			);
			path = KaPetelkaTests;
			sourceTree = "<group>";
		};
		A84B8C8424CAFC3E00C393D8 /* KaPetelkaUITests */ = {
			isa = PBXGroup;
			children = (
				A84B8C8524CAFC3E00C393D8 /* KaPetelkaUITests.swift */,
				A84B8C8724CAFC3E00C393D8 /* Info.plist */,
			);
			path = KaPetelkaUITests;
			sourceTree = "<group>";
		};
		A84B8D6A24CB01A900C393D8 /* Infrastructure */ = {
			isa = PBXGroup;
			children = (
				A84B8D6B24CB01A900C393D8 /* Constant.swift */,
				A84B8D6C24CB01A900C393D8 /* Observer.swift */,
				A84B8D6D24CB01A900C393D8 /* UserAuth.swift */,
				A84B8D6E24CB01A900C393D8 /* BaseViewController.swift */,
				A84B8D6F24CB01A900C393D8 /* CurrentUser.swift */,
				A84B8D7124CB01A900C393D8 /* ViewModel.swift */,
				A84B8D7224CB01A900C393D8 /* LoadingSpinner.swift */,
				A84B8D7324CB01A900C393D8 /* CompositionRoot.swift */,
				A84B8D7424CB01A900C393D8 /* KeyChain.swift */,
				A84B8D7524CB01A900C393D8 /* BaseAlert.swift */,
				A84B8D7624CB01A900C393D8 /* KeyConstant.swift */,
				A84B8D7724CB01A900C393D8 /* Coordinator.swift */,
			);
			path = Infrastructure;
			sourceTree = "<group>";
		};
/* End PBXGroup section */

/* Begin PBXNativeTarget section */
		A84B8C5F24CAFC3B00C393D8 /* KaPetelka */ = {
			isa = PBXNativeTarget;
			buildConfigurationList = A84B8C8A24CAFC3E00C393D8 /* Build configuration list for PBXNativeTarget "KaPetelka" */;
			buildPhases = (
				9084A31BEC6FD98232FB047D /* [CP] Check Pods Manifest.lock */,
				A84B8C5C24CAFC3B00C393D8 /* Sources */,
				A84B8C5D24CAFC3B00C393D8 /* Frameworks */,
				A84B8C5E24CAFC3B00C393D8 /* Resources */,
				BBFD8DDE456DBFD0D18C5E3F /* [CP] Embed Pods Frameworks */,
			);
			buildRules = (
			);
			dependencies = (
			);
			name = KaPetelka;
			productName = KaPetelka;
			productReference = A84B8C6024CAFC3B00C393D8 /* KaPetelka.app */;
			productType = "com.apple.product-type.application";
		};
		A84B8C7524CAFC3E00C393D8 /* KaPetelkaTests */ = {
			isa = PBXNativeTarget;
			buildConfigurationList = A84B8C8D24CAFC3E00C393D8 /* Build configuration list for PBXNativeTarget "KaPetelkaTests" */;
			buildPhases = (
				5ED36FF84C6592689366736F /* [CP] Check Pods Manifest.lock */,
				A84B8C7224CAFC3E00C393D8 /* Sources */,
				A84B8C7324CAFC3E00C393D8 /* Frameworks */,
				A84B8C7424CAFC3E00C393D8 /* Resources */,
				18D0CDF188C9EA32DFD7C013 /* [CP] Embed Pods Frameworks */,
			);
			buildRules = (
			);
			dependencies = (
				A84B8C7824CAFC3E00C393D8 /* PBXTargetDependency */,
			);
			name = KaPetelkaTests;
			productName = KaPetelkaTests;
			productReference = A84B8C7624CAFC3E00C393D8 /* KaPetelkaTests.xctest */;
			productType = "com.apple.product-type.bundle.unit-test";
		};
		A84B8C8024CAFC3E00C393D8 /* KaPetelkaUITests */ = {
			isa = PBXNativeTarget;
			buildConfigurationList = A84B8C9024CAFC3E00C393D8 /* Build configuration list for PBXNativeTarget "KaPetelkaUITests" */;
			buildPhases = (
				BC028102DCEB3BD2D5DA4903 /* [CP] Check Pods Manifest.lock */,
				A84B8C7D24CAFC3E00C393D8 /* Sources */,
				A84B8C7E24CAFC3E00C393D8 /* Frameworks */,
				A84B8C7F24CAFC3E00C393D8 /* Resources */,
				4A4EE9F1DE7AAEC8D4183BE0 /* [CP] Embed Pods Frameworks */,
			);
			buildRules = (
			);
			dependencies = (
				A84B8C8324CAFC3E00C393D8 /* PBXTargetDependency */,
			);
			name = KaPetelkaUITests;
			productName = KaPetelkaUITests;
			productReference = A84B8C8124CAFC3E00C393D8 /* KaPetelkaUITests.xctest */;
			productType = "com.apple.product-type.bundle.ui-testing";
		};
/* End PBXNativeTarget section */

/* Begin PBXProject section */
		A84B8C5824CAFC3B00C393D8 /* Project object */ = {
			isa = PBXProject;
			attributes = {
				LastSwiftUpdateCheck = 1160;
				LastUpgradeCheck = 1160;
				ORGANIZATIONNAME = Void;
				TargetAttributes = {
					A84B8C5F24CAFC3B00C393D8 = {
						CreatedOnToolsVersion = 11.6;
					};
					A84B8C7524CAFC3E00C393D8 = {
						CreatedOnToolsVersion = 11.6;
						TestTargetID = A84B8C5F24CAFC3B00C393D8;
					};
					A84B8C8024CAFC3E00C393D8 = {
						CreatedOnToolsVersion = 11.6;
						TestTargetID = A84B8C5F24CAFC3B00C393D8;
					};
				};
			};
			buildConfigurationList = A84B8C5B24CAFC3B00C393D8 /* Build configuration list for PBXProject "KaPetelka" */;
			compatibilityVersion = "Xcode 9.3";
			developmentRegion = en;
			hasScannedForEncodings = 0;
			knownRegions = (
				en,
				Base,
			);
			mainGroup = A84B8C5724CAFC3B00C393D8;
			productRefGroup = A84B8C6124CAFC3B00C393D8 /* Products */;
			projectDirPath = "";
			projectRoot = "";
			targets = (
				A84B8C5F24CAFC3B00C393D8 /* KaPetelka */,
				A84B8C7524CAFC3E00C393D8 /* KaPetelkaTests */,
				A84B8C8024CAFC3E00C393D8 /* KaPetelkaUITests */,
			);
		};
/* End PBXProject section */

/* Begin PBXResourcesBuildPhase section */
		A84B8C5E24CAFC3B00C393D8 /* Resources */ = {
			isa = PBXResourcesBuildPhase;
			buildActionMask = 2147483647;
			files = (
				A84B8C7024CAFC3E00C393D8 /* LaunchScreen.storyboard in Resources */,
				A84B8C6D24CAFC3E00C393D8 /* Assets.xcassets in Resources */,
				A84B8C6B24CAFC3B00C393D8 /* Main.storyboard in Resources */,
			);
			runOnlyForDeploymentPostprocessing = 0;
		};
		A84B8C7424CAFC3E00C393D8 /* Resources */ = {
			isa = PBXResourcesBuildPhase;
			buildActionMask = 2147483647;
			files = (
			);
			runOnlyForDeploymentPostprocessing = 0;
		};
		A84B8C7F24CAFC3E00C393D8 /* Resources */ = {
			isa = PBXResourcesBuildPhase;
			buildActionMask = 2147483647;
			files = (
			);
			runOnlyForDeploymentPostprocessing = 0;
		};
/* End PBXResourcesBuildPhase section */

/* Begin PBXShellScriptBuildPhase section */
		18D0CDF188C9EA32DFD7C013 /* [CP] Embed Pods Frameworks */ = {
			isa = PBXShellScriptBuildPhase;
			buildActionMask = 2147483647;
			files = (
			);
			inputFileListPaths = (
				"${PODS_ROOT}/Target Support Files/Pods-KaPetelkaTests/Pods-KaPetelkaTests-frameworks-${CONFIGURATION}-input-files.xcfilelist",
			);
			name = "[CP] Embed Pods Frameworks";
			outputFileListPaths = (
				"${PODS_ROOT}/Target Support Files/Pods-KaPetelkaTests/Pods-KaPetelkaTests-frameworks-${CONFIGURATION}-output-files.xcfilelist",
			);
			runOnlyForDeploymentPostprocessing = 0;
			shellPath = /bin/sh;
			shellScript = "\"${PODS_ROOT}/Target Support Files/Pods-KaPetelkaTests/Pods-KaPetelkaTests-frameworks.sh\"\n";
			showEnvVarsInLog = 0;
		};
		4A4EE9F1DE7AAEC8D4183BE0 /* [CP] Embed Pods Frameworks */ = {
			isa = PBXShellScriptBuildPhase;
			buildActionMask = 2147483647;
			files = (
			);
			inputFileListPaths = (
				"${PODS_ROOT}/Target Support Files/Pods-KaPetelkaUITests/Pods-KaPetelkaUITests-frameworks-${CONFIGURATION}-input-files.xcfilelist",
			);
			name = "[CP] Embed Pods Frameworks";
			outputFileListPaths = (
				"${PODS_ROOT}/Target Support Files/Pods-KaPetelkaUITests/Pods-KaPetelkaUITests-frameworks-${CONFIGURATION}-output-files.xcfilelist",
			);
			runOnlyForDeploymentPostprocessing = 0;
			shellPath = /bin/sh;
			shellScript = "\"${PODS_ROOT}/Target Support Files/Pods-KaPetelkaUITests/Pods-KaPetelkaUITests-frameworks.sh\"\n";
			showEnvVarsInLog = 0;
		};
		5ED36FF84C6592689366736F /* [CP] Check Pods Manifest.lock */ = {
			isa = PBXShellScriptBuildPhase;
			buildActionMask = 2147483647;
			files = (
			);
			inputFileListPaths = (
			);
			inputPaths = (
				"${PODS_PODFILE_DIR_PATH}/Podfile.lock",
				"${PODS_ROOT}/Manifest.lock",
			);
			name = "[CP] Check Pods Manifest.lock";
			outputFileListPaths = (
			);
			outputPaths = (
				"$(DERIVED_FILE_DIR)/Pods-KaPetelkaTests-checkManifestLockResult.txt",
			);
			runOnlyForDeploymentPostprocessing = 0;
			shellPath = /bin/sh;
			shellScript = "diff \"${PODS_PODFILE_DIR_PATH}/Podfile.lock\" \"${PODS_ROOT}/Manifest.lock\" > /dev/null\nif [ $? != 0 ] ; then\n    # print error to STDERR\n    echo \"error: The sandbox is not in sync with the Podfile.lock. Run 'pod install' or update your CocoaPods installation.\" >&2\n    exit 1\nfi\n# This output is used by Xcode 'outputs' to avoid re-running this script phase.\necho \"SUCCESS\" > \"${SCRIPT_OUTPUT_FILE_0}\"\n";
			showEnvVarsInLog = 0;
		};
		9084A31BEC6FD98232FB047D /* [CP] Check Pods Manifest.lock */ = {
			isa = PBXShellScriptBuildPhase;
			buildActionMask = 2147483647;
			files = (
			);
			inputFileListPaths = (
			);
			inputPaths = (
				"${PODS_PODFILE_DIR_PATH}/Podfile.lock",
				"${PODS_ROOT}/Manifest.lock",
			);
			name = "[CP] Check Pods Manifest.lock";
			outputFileListPaths = (
			);
			outputPaths = (
				"$(DERIVED_FILE_DIR)/Pods-KaPetelka-checkManifestLockResult.txt",
			);
			runOnlyForDeploymentPostprocessing = 0;
			shellPath = /bin/sh;
			shellScript = "diff \"${PODS_PODFILE_DIR_PATH}/Podfile.lock\" \"${PODS_ROOT}/Manifest.lock\" > /dev/null\nif [ $? != 0 ] ; then\n    # print error to STDERR\n    echo \"error: The sandbox is not in sync with the Podfile.lock. Run 'pod install' or update your CocoaPods installation.\" >&2\n    exit 1\nfi\n# This output is used by Xcode 'outputs' to avoid re-running this script phase.\necho \"SUCCESS\" > \"${SCRIPT_OUTPUT_FILE_0}\"\n";
			showEnvVarsInLog = 0;
		};
		BBFD8DDE456DBFD0D18C5E3F /* [CP] Embed Pods Frameworks */ = {
			isa = PBXShellScriptBuildPhase;
			buildActionMask = 2147483647;
			files = (
			);
			inputFileListPaths = (
				"${PODS_ROOT}/Target Support Files/Pods-KaPetelka/Pods-KaPetelka-frameworks-${CONFIGURATION}-input-files.xcfilelist",
			);
			name = "[CP] Embed Pods Frameworks";
			outputFileListPaths = (
				"${PODS_ROOT}/Target Support Files/Pods-KaPetelka/Pods-KaPetelka-frameworks-${CONFIGURATION}-output-files.xcfilelist",
			);
			runOnlyForDeploymentPostprocessing = 0;
			shellPath = /bin/sh;
			shellScript = "\"${PODS_ROOT}/Target Support Files/Pods-KaPetelka/Pods-KaPetelka-frameworks.sh\"\n";
			showEnvVarsInLog = 0;
		};
		BC028102DCEB3BD2D5DA4903 /* [CP] Check Pods Manifest.lock */ = {
			isa = PBXShellScriptBuildPhase;
			buildActionMask = 2147483647;
			files = (
			);
			inputFileListPaths = (
			);
			inputPaths = (
				"${PODS_PODFILE_DIR_PATH}/Podfile.lock",
				"${PODS_ROOT}/Manifest.lock",
			);
			name = "[CP] Check Pods Manifest.lock";
			outputFileListPaths = (
			);
			outputPaths = (
				"$(DERIVED_FILE_DIR)/Pods-KaPetelkaUITests-checkManifestLockResult.txt",
			);
			runOnlyForDeploymentPostprocessing = 0;
			shellPath = /bin/sh;
			shellScript = "diff \"${PODS_PODFILE_DIR_PATH}/Podfile.lock\" \"${PODS_ROOT}/Manifest.lock\" > /dev/null\nif [ $? != 0 ] ; then\n    # print error to STDERR\n    echo \"error: The sandbox is not in sync with the Podfile.lock. Run 'pod install' or update your CocoaPods installation.\" >&2\n    exit 1\nfi\n# This output is used by Xcode 'outputs' to avoid re-running this script phase.\necho \"SUCCESS\" > \"${SCRIPT_OUTPUT_FILE_0}\"\n";
			showEnvVarsInLog = 0;
		};
/* End PBXShellScriptBuildPhase section */

/* Begin PBXSourcesBuildPhase section */
		A84B8C5C24CAFC3B00C393D8 /* Sources */ = {
			isa = PBXSourcesBuildPhase;
			buildActionMask = 2147483647;
			files = (
				A84B8D9C24CB01A900C393D8 /* Coordinator.swift in Sources */,
				A84B8D8A24CB01A900C393D8 /* ViewModel.swift in Sources */,
				A84B8D7E24CB01A900C393D8 /* UserAuth.swift in Sources */,
				A84B8C6824CAFC3B00C393D8 /* ViewController.swift in Sources */,
				A84B8D7B24CB01A900C393D8 /* Observer.swift in Sources */,
				A84B8D9024CB01A900C393D8 /* CompositionRoot.swift in Sources */,
				A84B8C6424CAFC3B00C393D8 /* AppDelegate.swift in Sources */,
				A84B8C6624CAFC3B00C393D8 /* SceneDelegate.swift in Sources */,
				A84B8D8D24CB01A900C393D8 /* LoadingSpinner.swift in Sources */,
				A84B8D8124CB01A900C393D8 /* BaseViewController.swift in Sources */,
				A84B8D9924CB01A900C393D8 /* KeyConstant.swift in Sources */,
				A84B8D8424CB01A900C393D8 /* CurrentUser.swift in Sources */,
				A84B8D9624CB01A900C393D8 /* BaseAlert.swift in Sources */,
				A84B8D7824CB01A900C393D8 /* Constant.swift in Sources */,
				A84B8D9324CB01A900C393D8 /* KeyChain.swift in Sources */,
			);
			runOnlyForDeploymentPostprocessing = 0;
		};
		A84B8C7224CAFC3E00C393D8 /* Sources */ = {
			isa = PBXSourcesBuildPhase;
			buildActionMask = 2147483647;
			files = (
				A84B8D9424CB01A900C393D8 /* KeyChain.swift in Sources */,
				A84B8D9724CB01A900C393D8 /* BaseAlert.swift in Sources */,
				A84B8D8224CB01A900C393D8 /* BaseViewController.swift in Sources */,
				A84B8C7B24CAFC3E00C393D8 /* KaPetelkaTests.swift in Sources */,
				A84B8D9124CB01A900C393D8 /* CompositionRoot.swift in Sources */,
				A84B8D8E24CB01A900C393D8 /* LoadingSpinner.swift in Sources */,
				A84B8D9D24CB01A900C393D8 /* Coordinator.swift in Sources */,
				A84B8D7C24CB01A900C393D8 /* Observer.swift in Sources */,
				A84B8D7F24CB01A900C393D8 /* UserAuth.swift in Sources */,
				A84B8D8524CB01A900C393D8 /* CurrentUser.swift in Sources */,
				A84B8D8B24CB01A900C393D8 /* ViewModel.swift in Sources */,
				A84B8D7924CB01A900C393D8 /* Constant.swift in Sources */,
				A84B8D9A24CB01A900C393D8 /* KeyConstant.swift in Sources */,
			);
			runOnlyForDeploymentPostprocessing = 0;
		};
		A84B8C7D24CAFC3E00C393D8 /* Sources */ = {
			isa = PBXSourcesBuildPhase;
			buildActionMask = 2147483647;
			files = (
				A84B8D9524CB01A900C393D8 /* KeyChain.swift in Sources */,
				A84B8D9824CB01A900C393D8 /* BaseAlert.swift in Sources */,
				A84B8D8324CB01A900C393D8 /* BaseViewController.swift in Sources */,
				A84B8C8624CAFC3E00C393D8 /* KaPetelkaUITests.swift in Sources */,
				A84B8D9224CB01A900C393D8 /* CompositionRoot.swift in Sources */,
				A84B8D8F24CB01A900C393D8 /* LoadingSpinner.swift in Sources */,
				A84B8D9E24CB01A900C393D8 /* Coordinator.swift in Sources */,
				A84B8D7D24CB01A900C393D8 /* Observer.swift in Sources */,
				A84B8D8024CB01A900C393D8 /* UserAuth.swift in Sources */,
				A84B8D8624CB01A900C393D8 /* CurrentUser.swift in Sources */,
				A84B8D8C24CB01A900C393D8 /* ViewModel.swift in Sources */,
				A84B8D7A24CB01A900C393D8 /* Constant.swift in Sources */,
				A84B8D9B24CB01A900C393D8 /* KeyConstant.swift in Sources */,
			);
			runOnlyForDeploymentPostprocessing = 0;
		};
/* End PBXSourcesBuildPhase section */

/* Begin PBXTargetDependency section */
		A84B8C7824CAFC3E00C393D8 /* PBXTargetDependency */ = {
			isa = PBXTargetDependency;
			target = A84B8C5F24CAFC3B00C393D8 /* KaPetelka */;
			targetProxy = A84B8C7724CAFC3E00C393D8 /* PBXContainerItemProxy */;
		};
		A84B8C8324CAFC3E00C393D8 /* PBXTargetDependency */ = {
			isa = PBXTargetDependency;
			target = A84B8C5F24CAFC3B00C393D8 /* KaPetelka */;
			targetProxy = A84B8C8224CAFC3E00C393D8 /* PBXContainerItemProxy */;
		};
/* End PBXTargetDependency section */

/* Begin PBXVariantGroup section */
		A84B8C6924CAFC3B00C393D8 /* Main.storyboard */ = {
			isa = PBXVariantGroup;
			children = (
				A84B8C6A24CAFC3B00C393D8 /* Base */,
			);
			name = Main.storyboard;
			sourceTree = "<group>";
		};
		A84B8C6E24CAFC3E00C393D8 /* LaunchScreen.storyboard */ = {
			isa = PBXVariantGroup;
			children = (
				A84B8C6F24CAFC3E00C393D8 /* Base */,
			);
			name = LaunchScreen.storyboard;
			sourceTree = "<group>";
		};
/* End PBXVariantGroup section */

/* Begin XCBuildConfiguration section */
		A84B8C8824CAFC3E00C393D8 /* Debug */ = {
			isa = XCBuildConfiguration;
			buildSettings = {
				ALWAYS_SEARCH_USER_PATHS = NO;
				CLANG_ANALYZER_NONNULL = YES;
				CLANG_ANALYZER_NUMBER_OBJECT_CONVERSION = YES_AGGRESSIVE;
				CLANG_CXX_LANGUAGE_STANDARD = "gnu++14";
				CLANG_CXX_LIBRARY = "libc++";
				CLANG_ENABLE_MODULES = YES;
				CLANG_ENABLE_OBJC_ARC = YES;
				CLANG_ENABLE_OBJC_WEAK = YES;
				CLANG_WARN_BLOCK_CAPTURE_AUTORELEASING = YES;
				CLANG_WARN_BOOL_CONVERSION = YES;
				CLANG_WARN_COMMA = YES;
				CLANG_WARN_CONSTANT_CONVERSION = YES;
				CLANG_WARN_DEPRECATED_OBJC_IMPLEMENTATIONS = YES;
				CLANG_WARN_DIRECT_OBJC_ISA_USAGE = YES_ERROR;
				CLANG_WARN_DOCUMENTATION_COMMENTS = YES;
				CLANG_WARN_EMPTY_BODY = YES;
				CLANG_WARN_ENUM_CONVERSION = YES;
				CLANG_WARN_INFINITE_RECURSION = YES;
				CLANG_WARN_INT_CONVERSION = YES;
				CLANG_WARN_NON_LITERAL_NULL_CONVERSION = YES;
				CLANG_WARN_OBJC_IMPLICIT_RETAIN_SELF = YES;
				CLANG_WARN_OBJC_LITERAL_CONVERSION = YES;
				CLANG_WARN_OBJC_ROOT_CLASS = YES_ERROR;
				CLANG_WARN_RANGE_LOOP_ANALYSIS = YES;
				CLANG_WARN_STRICT_PROTOTYPES = YES;
				CLANG_WARN_SUSPICIOUS_MOVE = YES;
				CLANG_WARN_UNGUARDED_AVAILABILITY = YES_AGGRESSIVE;
				CLANG_WARN_UNREACHABLE_CODE = YES;
				CLANG_WARN__DUPLICATE_METHOD_MATCH = YES;
				COPY_PHASE_STRIP = NO;
				DEBUG_INFORMATION_FORMAT = dwarf;
				ENABLE_STRICT_OBJC_MSGSEND = YES;
				ENABLE_TESTABILITY = YES;
				GCC_C_LANGUAGE_STANDARD = gnu11;
				GCC_DYNAMIC_NO_PIC = NO;
				GCC_NO_COMMON_BLOCKS = YES;
				GCC_OPTIMIZATION_LEVEL = 0;
				GCC_PREPROCESSOR_DEFINITIONS = (
					"DEBUG=1",
					"$(inherited)",
				);
				GCC_WARN_64_TO_32_BIT_CONVERSION = YES;
				GCC_WARN_ABOUT_RETURN_TYPE = YES_ERROR;
				GCC_WARN_UNDECLARED_SELECTOR = YES;
				GCC_WARN_UNINITIALIZED_AUTOS = YES_AGGRESSIVE;
				GCC_WARN_UNUSED_FUNCTION = YES;
				GCC_WARN_UNUSED_VARIABLE = YES;
				IPHONEOS_DEPLOYMENT_TARGET = 13.6;
				MTL_ENABLE_DEBUG_INFO = INCLUDE_SOURCE;
				MTL_FAST_MATH = YES;
				ONLY_ACTIVE_ARCH = YES;
				SDKROOT = iphoneos;
				SWIFT_ACTIVE_COMPILATION_CONDITIONS = DEBUG;
				SWIFT_OPTIMIZATION_LEVEL = "-Onone";
			};
			name = Debug;
		};
		A84B8C8924CAFC3E00C393D8 /* Release */ = {
			isa = XCBuildConfiguration;
			buildSettings = {
				ALWAYS_SEARCH_USER_PATHS = NO;
				CLANG_ANALYZER_NONNULL = YES;
				CLANG_ANALYZER_NUMBER_OBJECT_CONVERSION = YES_AGGRESSIVE;
				CLANG_CXX_LANGUAGE_STANDARD = "gnu++14";
				CLANG_CXX_LIBRARY = "libc++";
				CLANG_ENABLE_MODULES = YES;
				CLANG_ENABLE_OBJC_ARC = YES;
				CLANG_ENABLE_OBJC_WEAK = YES;
				CLANG_WARN_BLOCK_CAPTURE_AUTORELEASING = YES;
				CLANG_WARN_BOOL_CONVERSION = YES;
				CLANG_WARN_COMMA = YES;
				CLANG_WARN_CONSTANT_CONVERSION = YES;
				CLANG_WARN_DEPRECATED_OBJC_IMPLEMENTATIONS = YES;
				CLANG_WARN_DIRECT_OBJC_ISA_USAGE = YES_ERROR;
				CLANG_WARN_DOCUMENTATION_COMMENTS = YES;
				CLANG_WARN_EMPTY_BODY = YES;
				CLANG_WARN_ENUM_CONVERSION = YES;
				CLANG_WARN_INFINITE_RECURSION = YES;
				CLANG_WARN_INT_CONVERSION = YES;
				CLANG_WARN_NON_LITERAL_NULL_CONVERSION = YES;
				CLANG_WARN_OBJC_IMPLICIT_RETAIN_SELF = YES;
				CLANG_WARN_OBJC_LITERAL_CONVERSION = YES;
				CLANG_WARN_OBJC_ROOT_CLASS = YES_ERROR;
				CLANG_WARN_RANGE_LOOP_ANALYSIS = YES;
				CLANG_WARN_STRICT_PROTOTYPES = YES;
				CLANG_WARN_SUSPICIOUS_MOVE = YES;
				CLANG_WARN_UNGUARDED_AVAILABILITY = YES_AGGRESSIVE;
				CLANG_WARN_UNREACHABLE_CODE = YES;
				CLANG_WARN__DUPLICATE_METHOD_MATCH = YES;
				COPY_PHASE_STRIP = NO;
				DEBUG_INFORMATION_FORMAT = "dwarf-with-dsym";
				ENABLE_NS_ASSERTIONS = NO;
				ENABLE_STRICT_OBJC_MSGSEND = YES;
				GCC_C_LANGUAGE_STANDARD = gnu11;
				GCC_NO_COMMON_BLOCKS = YES;
				GCC_WARN_64_TO_32_BIT_CONVERSION = YES;
				GCC_WARN_ABOUT_RETURN_TYPE = YES_ERROR;
				GCC_WARN_UNDECLARED_SELECTOR = YES;
				GCC_WARN_UNINITIALIZED_AUTOS = YES_AGGRESSIVE;
				GCC_WARN_UNUSED_FUNCTION = YES;
				GCC_WARN_UNUSED_VARIABLE = YES;
				IPHONEOS_DEPLOYMENT_TARGET = 13.6;
				MTL_ENABLE_DEBUG_INFO = NO;
				MTL_FAST_MATH = YES;
				SDKROOT = iphoneos;
				SWIFT_COMPILATION_MODE = wholemodule;
				SWIFT_OPTIMIZATION_LEVEL = "-O";
				VALIDATE_PRODUCT = YES;
			};
			name = Release;
		};
		A84B8C8B24CAFC3E00C393D8 /* Debug */ = {
			isa = XCBuildConfiguration;
			baseConfigurationReference = 6D9E08A838653E001D938285 /* Pods-KaPetelka.debug.xcconfig */;
			buildSettings = {
				ASSETCATALOG_COMPILER_APPICON_NAME = AppIcon;
				CODE_SIGN_STYLE = Automatic;
				DEVELOPMENT_TEAM = SP3T7YKV2Q;
				INFOPLIST_FILE = KaPetelka/Info.plist;
				LD_RUNPATH_SEARCH_PATHS = (
					"$(inherited)",
					"@executable_path/Frameworks",
				);
				PRODUCT_BUNDLE_IDENTIFIER = com.Void.KaPetelka;
				PRODUCT_NAME = "$(TARGET_NAME)";
				SWIFT_VERSION = 5.0;
				TARGETED_DEVICE_FAMILY = "1,2";
			};
			name = Debug;
		};
		A84B8C8C24CAFC3E00C393D8 /* Release */ = {
			isa = XCBuildConfiguration;
			baseConfigurationReference = F7EABF71262F8D12C2106F77 /* Pods-KaPetelka.release.xcconfig */;
			buildSettings = {
				ASSETCATALOG_COMPILER_APPICON_NAME = AppIcon;
				CODE_SIGN_STYLE = Automatic;
				DEVELOPMENT_TEAM = SP3T7YKV2Q;
				INFOPLIST_FILE = KaPetelka/Info.plist;
				LD_RUNPATH_SEARCH_PATHS = (
					"$(inherited)",
					"@executable_path/Frameworks",
				);
				PRODUCT_BUNDLE_IDENTIFIER = com.Void.KaPetelka;
				PRODUCT_NAME = "$(TARGET_NAME)";
				SWIFT_VERSION = 5.0;
				TARGETED_DEVICE_FAMILY = "1,2";
			};
			name = Release;
		};
		A84B8C8E24CAFC3E00C393D8 /* Debug */ = {
			isa = XCBuildConfiguration;
			baseConfigurationReference = 19921C93E270780FC29E28BF /* Pods-KaPetelkaTests.debug.xcconfig */;
			buildSettings = {
				ALWAYS_EMBED_SWIFT_STANDARD_LIBRARIES = YES;
				BUNDLE_LOADER = "$(TEST_HOST)";
				CODE_SIGN_STYLE = Automatic;
				DEVELOPMENT_TEAM = SP3T7YKV2Q;
				INFOPLIST_FILE = KaPetelkaTests/Info.plist;
				IPHONEOS_DEPLOYMENT_TARGET = 13.6;
				LD_RUNPATH_SEARCH_PATHS = (
					"$(inherited)",
					"@executable_path/Frameworks",
					"@loader_path/Frameworks",
				);
				PRODUCT_BUNDLE_IDENTIFIER = com.Void.KaPetelkaTests;
				PRODUCT_NAME = "$(TARGET_NAME)";
				SWIFT_VERSION = 5.0;
				TARGETED_DEVICE_FAMILY = "1,2";
				TEST_HOST = "$(BUILT_PRODUCTS_DIR)/KaPetelka.app/KaPetelka";
			};
			name = Debug;
		};
		A84B8C8F24CAFC3E00C393D8 /* Release */ = {
			isa = XCBuildConfiguration;
			baseConfigurationReference = 93279F89C92B6A64BECF4E2D /* Pods-KaPetelkaTests.release.xcconfig */;
			buildSettings = {
				ALWAYS_EMBED_SWIFT_STANDARD_LIBRARIES = YES;
				BUNDLE_LOADER = "$(TEST_HOST)";
				CODE_SIGN_STYLE = Automatic;
				DEVELOPMENT_TEAM = SP3T7YKV2Q;
				INFOPLIST_FILE = KaPetelkaTests/Info.plist;
				IPHONEOS_DEPLOYMENT_TARGET = 13.6;
				LD_RUNPATH_SEARCH_PATHS = (
					"$(inherited)",
					"@executable_path/Frameworks",
					"@loader_path/Frameworks",
				);
				PRODUCT_BUNDLE_IDENTIFIER = com.Void.KaPetelkaTests;
				PRODUCT_NAME = "$(TARGET_NAME)";
				SWIFT_VERSION = 5.0;
				TARGETED_DEVICE_FAMILY = "1,2";
				TEST_HOST = "$(BUILT_PRODUCTS_DIR)/KaPetelka.app/KaPetelka";
			};
			name = Release;
		};
		A84B8C9124CAFC3E00C393D8 /* Debug */ = {
			isa = XCBuildConfiguration;
			baseConfigurationReference = D9E843D1AF486FACDB5E2956 /* Pods-KaPetelkaUITests.debug.xcconfig */;
			buildSettings = {
				ALWAYS_EMBED_SWIFT_STANDARD_LIBRARIES = YES;
				CODE_SIGN_STYLE = Automatic;
				DEVELOPMENT_TEAM = SP3T7YKV2Q;
				INFOPLIST_FILE = KaPetelkaUITests/Info.plist;
				LD_RUNPATH_SEARCH_PATHS = (
					"$(inherited)",
					"@executable_path/Frameworks",
					"@loader_path/Frameworks",
				);
				PRODUCT_BUNDLE_IDENTIFIER = com.Void.KaPetelkaUITests;
				PRODUCT_NAME = "$(TARGET_NAME)";
				SWIFT_VERSION = 5.0;
				TARGETED_DEVICE_FAMILY = "1,2";
				TEST_TARGET_NAME = KaPetelka;
			};
			name = Debug;
		};
		A84B8C9224CAFC3E00C393D8 /* Release */ = {
			isa = XCBuildConfiguration;
			baseConfigurationReference = 29DCA65410E8D8C816D15449 /* Pods-KaPetelkaUITests.release.xcconfig */;
			buildSettings = {
				ALWAYS_EMBED_SWIFT_STANDARD_LIBRARIES = YES;
				CODE_SIGN_STYLE = Automatic;
				DEVELOPMENT_TEAM = SP3T7YKV2Q;
				INFOPLIST_FILE = KaPetelkaUITests/Info.plist;
				LD_RUNPATH_SEARCH_PATHS = (
					"$(inherited)",
					"@executable_path/Frameworks",
					"@loader_path/Frameworks",
				);
				PRODUCT_BUNDLE_IDENTIFIER = com.Void.KaPetelkaUITests;
				PRODUCT_NAME = "$(TARGET_NAME)";
				SWIFT_VERSION = 5.0;
				TARGETED_DEVICE_FAMILY = "1,2";
				TEST_TARGET_NAME = KaPetelka;
			};
			name = Release;
		};
/* End XCBuildConfiguration section */

/* Begin XCConfigurationList section */
		A84B8C5B24CAFC3B00C393D8 /* Build configuration list for PBXProject "KaPetelka" */ = {
			isa = XCConfigurationList;
			buildConfigurations = (
				A84B8C8824CAFC3E00C393D8 /* Debug */,
				A84B8C8924CAFC3E00C393D8 /* Release */,
			);
			defaultConfigurationIsVisible = 0;
			defaultConfigurationName = Release;
		};
		A84B8C8A24CAFC3E00C393D8 /* Build configuration list for PBXNativeTarget "KaPetelka" */ = {
			isa = XCConfigurationList;
			buildConfigurations = (
				A84B8C8B24CAFC3E00C393D8 /* Debug */,
				A84B8C8C24CAFC3E00C393D8 /* Release */,
			);
			defaultConfigurationIsVisible = 0;
			defaultConfigurationName = Release;
		};
		A84B8C8D24CAFC3E00C393D8 /* Build configuration list for PBXNativeTarget "KaPetelkaTests" */ = {
			isa = XCConfigurationList;
			buildConfigurations = (
				A84B8C8E24CAFC3E00C393D8 /* Debug */,
				A84B8C8F24CAFC3E00C393D8 /* Release */,
			);
			defaultConfigurationIsVisible = 0;
			defaultConfigurationName = Release;
		};
		A84B8C9024CAFC3E00C393D8 /* Build configuration list for PBXNativeTarget "KaPetelkaUITests" */ = {
			isa = XCConfigurationList;
			buildConfigurations = (
				A84B8C9124CAFC3E00C393D8 /* Debug */,
				A84B8C9224CAFC3E00C393D8 /* Release */,
			);
			defaultConfigurationIsVisible = 0;
			defaultConfigurationName = Release;
		};
/* End XCConfigurationList section */
	};
	rootObject = A84B8C5824CAFC3B00C393D8 /* Project object */;
}
